
Microsoft Visual Studio Solution File, Format Version 12.00
# Visual Studio Version 16
VisualStudioVersion = 16.0.28803.352
MinimumVisualStudioVersion = 10.0.40219.1
Project("{FAE04EC0-301F-11D3-BF4B-00C04F79EFBC}") = "Presentation", "Presentation\Presentation.csproj", "{2EDAD9C6-9E03-4060-AC9F-1F47DAA6363F}"
EndProject
Project("{FAE04EC0-301F-11D3-BF4B-00C04F79EFBC}") = "Data", "Data\Data.csproj", "{88993D33-D9D5-4F7A-B725-0816C0F08673}"
EndProject
Project("{FAE04EC0-301F-11D3-BF4B-00C04F79EFBC}") = "Logic", "Logic\Logic.csproj", "{55C17B6D-AF83-4CE6-8FBF-D50D6DACF7E5}"
EndProject
Project("{FAE04EC0-301F-11D3-BF4B-00C04F79EFBC}") = "Entities", "Entities\Entities.csproj", "{39880292-7BDB-4816-8373-20A90BEA44FE}"
EndProject
Global
	GlobalSection(SolutionConfigurationPlatforms) = preSolution
		Debug|Any CPU = Debug|Any CPU
		Release|Any CPU = Release|Any CPU
	EndGlobalSection
	GlobalSection(ProjectConfigurationPlatforms) = postSolution
		{2EDAD9C6-9E03-4060-AC9F-1F47DAA6363F}.Debug|Any CPU.ActiveCfg = Debug|Any CPU
		{2EDAD9C6-9E03-4060-AC9F-1F47DAA6363F}.Debug|Any CPU.Build.0 = Debug|Any CPU
		{2EDAD9C6-9E03-4060-AC9F-1F47DAA6363F}.Release|Any CPU.ActiveCfg = Release|Any CPU
		{2EDAD9C6-9E03-4060-AC9F-1F47DAA6363F}.Release|Any CPU.Build.0 = Release|Any CPU
		{88993D33-D9D5-4F7A-B725-0816C0F08673}.Debug|Any CPU.ActiveCfg = Debug|Any CPU
		{88993D33-D9D5-4F7A-B725-0816C0F08673}.Debug|Any CPU.Build.0 = Debug|Any CPU
		{88993D33-D9D5-4F7A-B725-0816C0F08673}.Release|Any CPU.ActiveCfg = Release|Any CPU
		{88993D33-D9D5-4F7A-B725-0816C0F08673}.Release|Any CPU.Build.0 = Release|Any CPU
		{55C17B6D-AF83-4CE6-8FBF-D50D6DACF7E5}.Debug|Any CPU.ActiveCfg = Debug|Any CPU
		{55C17B6D-AF83-4CE6-8FBF-D50D6DACF7E5}.Debug|Any CPU.Build.0 = Debug|Any CPU
		{55C17B6D-AF83-4CE6-8FBF-D50D6DACF7E5}.Release|Any CPU.ActiveCfg = Release|Any CPU
		{55C17B6D-AF83-4CE6-8FBF-D50D6DACF7E5}.Release|Any CPU.Build.0 = Release|Any CPU
		{39880292-7BDB-4816-8373-20A90BEA44FE}.Debug|Any CPU.ActiveCfg = Debug|Any CPU
		{39880292-7BDB-4816-8373-20A90BEA44FE}.Debug|Any CPU.Build.0 = Debug|Any CPU
		{39880292-7BDB-4816-8373-20A90BEA44FE}.Release|Any CPU.ActiveCfg = Release|Any CPU
		{39880292-7BDB-4816-8373-20A90BEA44FE}.Release|Any CPU.Build.0 = Release|Any CPU
	EndGlobalSection
	GlobalSection(SolutionProperties) = preSolution
		HideSolutionNode = FALSE
	EndGlobalSection
	GlobalSection(ExtensibilityGlobals) = postSolution
		SolutionGuid = {68D41F18-5A7F-4920-BA4E-91B25D47D712}
	EndGlobalSection
EndGlobal
